
Microsoft Visual Studio Solution File, Format Version 12.00
# Visual Studio Version 17
VisualStudioVersion = 17.0.31919.166
MinimumVisualStudioVersion = 10.0.40219.1
Project("{FAE04EC0-301F-11D3-BF4B-00C04F79EFBC}") = "ProjetoElevador", "ProjetoElevador\ProjetoElevador.csproj", "{A76EC125-80E4-4360-B056-4AEF5906EA9D}"
EndProject
Global
	GlobalSection(SolutionConfigurationPlatforms) = preSolution
		Debug|Any CPU = Debug|Any CPU
		Release|Any CPU = Release|Any CPU
	EndGlobalSection
	GlobalSection(ProjectConfigurationPlatforms) = postSolution
		{A76EC125-80E4-4360-B056-4AEF5906EA9D}.Debug|Any CPU.ActiveCfg = Debug|Any CPU
		{A76EC125-80E4-4360-B056-4AEF5906EA9D}.Debug|Any CPU.Build.0 = Debug|Any CPU
		{A76EC125-80E4-4360-B056-4AEF5906EA9D}.Release|Any CPU.ActiveCfg = Release|Any CPU
		{A76EC125-80E4-4360-B056-4AEF5906EA9D}.Release|Any CPU.Build.0 = Release|Any CPU
	EndGlobalSection
	GlobalSection(SolutionProperties) = preSolution
		HideSolutionNode = FALSE
	EndGlobalSection
	GlobalSection(ExtensibilityGlobals) = postSolution
		SolutionGuid = {D846F927-6889-4E64-BBC3-D4B2F20E89C2}
	EndGlobalSection
EndGlobal
